{
  "requires": true,
  "lockfileVersion": 1,
  "dependencies": {
    "cypress-localstorage-commands": {
      "version": "1.5.0",
      "resolved": "https://registry.npmjs.org/cypress-localstorage-commands/-/cypress-localstorage-commands-1.5.0.tgz",
      "integrity": "sha512-gl1uKeviYdyJG4dLcZ9hfoUjLciwkkfbaQ3gvRtmipsPxC612ZBJhSjbunnJcUGwkryaM+82VrY9ij0tLSg7LA==",
      "dev": true
    }
  }
}
